
Microsoft Visual Studio Solution File, Format Version 12.00
# Visual Studio Version 16
VisualStudioVersion = 16.0.31729.503
MinimumVisualStudioVersion = 10.0.40219.1
Project("{FAE04EC0-301F-11D3-BF4B-00C04F79EFBC}") = "ConsoleApp1", "ConsoleApp1\ConsoleApp1.csproj", "{F50F44E1-FADC-43C2-861D-78A0187BDFB6}"
EndProject
Global
	GlobalSection(SolutionConfigurationPlatforms) = preSolution
		Debug|Any CPU = Debug|Any CPU
		Release|Any CPU = Release|Any CPU
	EndGlobalSection
	GlobalSection(ProjectConfigurationPlatforms) = postSolution
		{F50F44E1-FADC-43C2-861D-78A0187BDFB6}.Debug|Any CPU.ActiveCfg = Debug|Any CPU
		{F50F44E1-FADC-43C2-861D-78A0187BDFB6}.Debug|Any CPU.Build.0 = Debug|Any CPU
		{F50F44E1-FADC-43C2-861D-78A0187BDFB6}.Release|Any CPU.ActiveCfg = Release|Any CPU
		{F50F44E1-FADC-43C2-861D-78A0187BDFB6}.Release|Any CPU.Build.0 = Release|Any CPU
	EndGlobalSection
	GlobalSection(SolutionProperties) = preSolution
		HideSolutionNode = FALSE
	EndGlobalSection
	GlobalSection(ExtensibilityGlobals) = postSolution
		SolutionGuid = {6680FC8C-5665-4397-A0F8-A169EE86A7A2}
	EndGlobalSection
EndGlobal
